
Microsoft Visual Studio Solution File, Format Version 12.00
# Visual Studio Version 17
VisualStudioVersion = 17.7.34221.43
MinimumVisualStudioVersion = 10.0.40219.1
Project("{FAE04EC0-301F-11D3-BF4B-00C04F79EFBC}") = "RESTnoise", "RESTnoise\RESTnoise.csproj", "{6930A89B-1F4A-4F9A-B015-364FA1DF9A03}"
EndProject
Global
	GlobalSection(SolutionConfigurationPlatforms) = preSolution
		Debug|Any CPU = Debug|Any CPU
		Release|Any CPU = Release|Any CPU
	EndGlobalSection
	GlobalSection(ProjectConfigurationPlatforms) = postSolution
		{6930A89B-1F4A-4F9A-B015-364FA1DF9A03}.Debug|Any CPU.ActiveCfg = Debug|Any CPU
		{6930A89B-1F4A-4F9A-B015-364FA1DF9A03}.Debug|Any CPU.Build.0 = Debug|Any CPU
		{6930A89B-1F4A-4F9A-B015-364FA1DF9A03}.Release|Any CPU.ActiveCfg = Release|Any CPU
		{6930A89B-1F4A-4F9A-B015-364FA1DF9A03}.Release|Any CPU.Build.0 = Release|Any CPU
	EndGlobalSection
	GlobalSection(SolutionProperties) = preSolution
		HideSolutionNode = FALSE
	EndGlobalSection
	GlobalSection(ExtensibilityGlobals) = postSolution
		SolutionGuid = {AD9515F2-45A0-4E37-AB5D-3AD362C4F22D}
	EndGlobalSection
EndGlobal
